
Microsoft Visual Studio Solution File, Format Version 12.00
# Visual Studio Version 17
VisualStudioVersion = 17.11.35222.181
MinimumVisualStudioVersion = 10.0.40219.1
Project("{FAE04EC0-301F-11D3-BF4B-00C04F79EFBC}") = "try_for_ray", "try_for_ray\try_for_ray.csproj", "{B014CC95-AE86-46AB-AAD2-A034D8F03F2A}"
EndProject
Global
	GlobalSection(SolutionConfigurationPlatforms) = preSolution
		Debug|Any CPU = Debug|Any CPU
		Release|Any CPU = Release|Any CPU
	EndGlobalSection
	GlobalSection(ProjectConfigurationPlatforms) = postSolution
		{B014CC95-AE86-46AB-AAD2-A034D8F03F2A}.Debug|Any CPU.ActiveCfg = Debug|Any CPU
		{B014CC95-AE86-46AB-AAD2-A034D8F03F2A}.Debug|Any CPU.Build.0 = Debug|Any CPU
		{B014CC95-AE86-46AB-AAD2-A034D8F03F2A}.Release|Any CPU.ActiveCfg = Release|Any CPU
		{B014CC95-AE86-46AB-AAD2-A034D8F03F2A}.Release|Any CPU.Build.0 = Release|Any CPU
	EndGlobalSection
	GlobalSection(SolutionProperties) = preSolution
		HideSolutionNode = FALSE
	EndGlobalSection
	GlobalSection(ExtensibilityGlobals) = postSolution
		SolutionGuid = {43641BF5-F630-4F99-8C0A-05718CF1A8B1}
	EndGlobalSection
EndGlobal
